// !$*UTF8*$!
{
	archiveVersion = 1;
	classes = {
	};
	objectVersion = 55;
	objects = {

/* Begin PBXBuildFile section */
		BDB45DE72894208500075E92 /* AppDelegate.swift in Sources */ = {isa = PBXBuildFile; fileRef = BDB45DE62894208500075E92 /* AppDelegate.swift */; };
		BDB45DE92894208500075E92 /* SceneDelegate.swift in Sources */ = {isa = PBXBuildFile; fileRef = BDB45DE82894208500075E92 /* SceneDelegate.swift */; };
		BDB45DEB2894208500075E92 /* ViewController.swift in Sources */ = {isa = PBXBuildFile; fileRef = BDB45DEA2894208500075E92 /* ViewController.swift */; };
		BDB45DEE2894208500075E92 /* Main.storyboard in Resources */ = {isa = PBXBuildFile; fileRef = BDB45DEC2894208500075E92 /* Main.storyboard */; };
		BDB45DF12894208500075E92 /* toDoList.xcdatamodeld in Sources */ = {isa = PBXBuildFile; fileRef = BDB45DEF2894208500075E92 /* toDoList.xcdatamodeld */; };
		BDB45DF32894208600075E92 /* Assets.xcassets in Resources */ = {isa = PBXBuildFile; fileRef = BDB45DF22894208600075E92 /* Assets.xcassets */; };
		BDB45DF62894208600075E92 /* LaunchScreen.storyboard in Resources */ = {isa = PBXBuildFile; fileRef = BDB45DF42894208600075E92 /* LaunchScreen.storyboard */; };
		BDB45E012894208600075E92 /* toDoListTests.swift in Sources */ = {isa = PBXBuildFile; fileRef = BDB45E002894208600075E92 /* toDoListTests.swift */; };
		BDB45E0B2894208600075E92 /* toDoListUITests.swift in Sources */ = {isa = PBXBuildFile; fileRef = BDB45E0A2894208600075E92 /* toDoListUITests.swift */; };
		BDB45E0D2894208600075E92 /* toDoListUITestsLaunchTests.swift in Sources */ = {isa = PBXBuildFile; fileRef = BDB45E0C2894208600075E92 /* toDoListUITestsLaunchTests.swift */; };
		BDB45E1A2894236900075E92 /* TableViewController.swift in Sources */ = {isa = PBXBuildFile; fileRef = BDB45E192894236900075E92 /* TableViewController.swift */; };
		BDB45E1C2894254300075E92 /* ToDoItem.swift in Sources */ = {isa = PBXBuildFile; fileRef = BDB45E1B2894254300075E92 /* ToDoItem.swift */; };
		BDB45E1E28942C5C00075E92 /* AddToDoViewController.swift in Sources */ = {isa = PBXBuildFile; fileRef = BDB45E1D28942C5C00075E92 /* AddToDoViewController.swift */; };
		BDB45E2028943B4B00075E92 /* CompleteToDoViewController.swift in Sources */ = {isa = PBXBuildFile; fileRef = BDB45E1F28943B4B00075E92 /* CompleteToDoViewController.swift */; };
/* End PBXBuildFile section */

/* Begin PBXContainerItemProxy section */
		BDB45DFD2894208600075E92 /* PBXContainerItemProxy */ = {
			isa = PBXContainerItemProxy;
			containerPortal = BDB45DDB2894208500075E92 /* Project object */;
			proxyType = 1;
			remoteGlobalIDString = BDB45DE22894208500075E92;
			remoteInfo = toDoList;
		};
		BDB45E072894208600075E92 /* PBXContainerItemProxy */ = {
			isa = PBXContainerItemProxy;
			containerPortal = BDB45DDB2894208500075E92 /* Project object */;
			proxyType = 1;
			remoteGlobalIDString = BDB45DE22894208500075E92;
			remoteInfo = toDoList;
		};
/* End PBXContainerItemProxy section */

/* Begin PBXFileReference section */
		BDB45DE32894208500075E92 /* toDoList.app */ = {isa = PBXFileReference; explicitFileType = wrapper.application; includeInIndex = 0; path = toDoList.app; sourceTree = BUILT_PRODUCTS_DIR; };
		BDB45DE62894208500075E92 /* AppDelegate.swift */ = {isa = PBXFileReference; lastKnownFileType = sourcecode.swift; path = AppDelegate.swift; sourceTree = "<group>"; };
		BDB45DE82894208500075E92 /* SceneDelegate.swift */ = {isa = PBXFileReference; lastKnownFileType = sourcecode.swift; path = SceneDelegate.swift; sourceTree = "<group>"; };
		BDB45DEA2894208500075E92 /* ViewController.swift */ = {isa = PBXFileReference; lastKnownFileType = sourcecode.swift; path = ViewController.swift; sourceTree = "<group>"; };
		BDB45DED2894208500075E92 /* Base */ = {isa = PBXFileReference; lastKnownFileType = file.storyboard; name = Base; path = Base.lproj/Main.storyboard; sourceTree = "<group>"; };
		BDB45DF02894208500075E92 /* toDoList.xcdatamodel */ = {isa = PBXFileReference; lastKnownFileType = wrapper.xcdatamodel; path = toDoList.xcdatamodel; sourceTree = "<group>"; };
		BDB45DF22894208600075E92 /* Assets.xcassets */ = {isa = PBXFileReference; lastKnownFileType = folder.assetcatalog; path = Assets.xcassets; sourceTree = "<group>"; };
		BDB45DF52894208600075E92 /* Base */ = {isa = PBXFileReference; lastKnownFileType = file.storyboard; name = Base; path = Base.lproj/LaunchScreen.storyboard; sourceTree = "<group>"; };
		BDB45DF72894208600075E92 /* Info.plist */ = {isa = PBXFileReference; lastKnownFileType = text.plist.xml; path = Info.plist; sourceTree = "<group>"; };
		BDB45DFC2894208600075E92 /* toDoListTests.xctest */ = {isa = PBXFileReference; explicitFileType = wrapper.cfbundle; includeInIndex = 0; path = toDoListTests.xctest; sourceTree = BUILT_PRODUCTS_DIR; };
		BDB45E002894208600075E92 /* toDoListTests.swift */ = {isa = PBXFileReference; lastKnownFileType = sourcecode.swift; path = toDoListTests.swift; sourceTree = "<group>"; };
		BDB45E062894208600075E92 /* toDoListUITests.xctest */ = {isa = PBXFileReference; explicitFileType = wrapper.cfbundle; includeInIndex = 0; path = toDoListUITests.xctest; sourceTree = BUILT_PRODUCTS_DIR; };
		BDB45E0A2894208600075E92 /* toDoListUITests.swift */ = {isa = PBXFileReference; lastKnownFileType = sourcecode.swift; path = toDoListUITests.swift; sourceTree = "<group>"; };
		BDB45E0C2894208600075E92 /* toDoListUITestsLaunchTests.swift */ = {isa = PBXFileReference; lastKnownFileType = sourcecode.swift; path = toDoListUITestsLaunchTests.swift; sourceTree = "<group>"; };
		BDB45E192894236900075E92 /* TableViewController.swift */ = {isa = PBXFileReference; lastKnownFileType = sourcecode.swift; path = TableViewController.swift; sourceTree = "<group>"; };
		BDB45E1B2894254300075E92 /* ToDoItem.swift */ = {isa = PBXFileReference; lastKnownFileType = sourcecode.swift; path = ToDoItem.swift; sourceTree = "<group>"; };
		BDB45E1D28942C5C00075E92 /* AddToDoViewController.swift */ = {isa = PBXFileReference; lastKnownFileType = sourcecode.swift; path = AddToDoViewController.swift; sourceTree = "<group>"; };
		BDB45E1F28943B4B00075E92 /* CompleteToDoViewController.swift */ = {isa = PBXFileReference; lastKnownFileType = sourcecode.swift; path = CompleteToDoViewController.swift; sourceTree = "<group>"; };
/* End PBXFileReference section */

/* Begin PBXFrameworksBuildPhase section */
		BDB45DE02894208500075E92 /* Frameworks */ = {
			isa = PBXFrameworksBuildPhase;
			buildActionMask = 2147483647;
			files = (
			);
			runOnlyForDeploymentPostprocessing = 0;
		};
		BDB45DF92894208600075E92 /* Frameworks */ = {
			isa = PBXFrameworksBuildPhase;
			buildActionMask = 2147483647;
			files = (
			);
			runOnlyForDeploymentPostprocessing = 0;
		};
		BDB45E032894208600075E92 /* Frameworks */ = {
			isa = PBXFrameworksBuildPhase;
			buildActionMask = 2147483647;
			files = (
			);
			runOnlyForDeploymentPostprocessing = 0;
		};
/* End PBXFrameworksBuildPhase section */

/* Begin PBXGroup section */
		BDB45DDA2894208500075E92 = {
			isa = PBXGroup;
			children = (
				BDB45DE52894208500075E92 /* toDoList */,
				BDB45DFF2894208600075E92 /* toDoListTests */,
				BDB45E092894208600075E92 /* toDoListUITests */,
				BDB45DE42894208500075E92 /* Products */,
			);
			sourceTree = "<group>";
		};
		BDB45DE42894208500075E92 /* Products */ = {
			isa = PBXGroup;
			children = (
				BDB45DE32894208500075E92 /* toDoList.app */,
				BDB45DFC2894208600075E92 /* toDoListTests.xctest */,
				BDB45E062894208600075E92 /* toDoListUITests.xctest */,
			);
			name = Products;
			sourceTree = "<group>";
		};
		BDB45DE52894208500075E92 /* toDoList */ = {
			isa = PBXGroup;
			children = (
				BDB45DE62894208500075E92 /* AppDelegate.swift */,
				BDB45DE82894208500075E92 /* SceneDelegate.swift */,
				BDB45DEA2894208500075E92 /* ViewController.swift */,
				BDB45DEC2894208500075E92 /* Main.storyboard */,
				BDB45DF22894208600075E92 /* Assets.xcassets */,
				BDB45DF42894208600075E92 /* LaunchScreen.storyboard */,
				BDB45DF72894208600075E92 /* Info.plist */,
				BDB45DEF2894208500075E92 /* toDoList.xcdatamodeld */,
				BDB45E192894236900075E92 /* TableViewController.swift */,
				BDB45E1B2894254300075E92 /* ToDoItem.swift */,
				BDB45E1D28942C5C00075E92 /* AddToDoViewController.swift */,
				BDB45E1F28943B4B00075E92 /* CompleteToDoViewController.swift */,
			);
			path = toDoList;
			sourceTree = "<group>";
		};
		BDB45DFF2894208600075E92 /* toDoListTests */ = {
			isa = PBXGroup;
			children = (
				BDB45E002894208600075E92 /* toDoListTests.swift */,
			);
			path = toDoListTests;
			sourceTree = "<group>";
		};
		BDB45E092894208600075E92 /* toDoListUITests */ = {
			isa = PBXGroup;
			children = (
				BDB45E0A2894208600075E92 /* toDoListUITests.swift */,
				BDB45E0C2894208600075E92 /* toDoListUITestsLaunchTests.swift */,
			);
			path = toDoListUITests;
			sourceTree = "<group>";
		};
/* End PBXGroup section */

/* Begin PBXNativeTarget section */
		BDB45DE22894208500075E92 /* toDoList */ = {
			isa = PBXNativeTarget;
			buildConfigurationList = BDB45E102894208600075E92 /* Build configuration list for PBXNativeTarget "toDoList" */;
			buildPhases = (
				BDB45DDF2894208500075E92 /* Sources */,
				BDB45DE02894208500075E92 /* Frameworks */,
				BDB45DE12894208500075E92 /* Resources */,
			);
			buildRules = (
			);
			dependencies = (
			);
			name = toDoList;
			productName = toDoList;
			productReference = BDB45DE32894208500075E92 /* toDoList.app */;
			productType = "com.apple.product-type.application";
		};
		BDB45DFB2894208600075E92 /* toDoListTests */ = {
			isa = PBXNativeTarget;
			buildConfigurationList = BDB45E132894208600075E92 /* Build configuration list for PBXNativeTarget "toDoListTests" */;
			buildPhases = (
				BDB45DF82894208600075E92 /* Sources */,
				BDB45DF92894208600075E92 /* Frameworks */,
				BDB45DFA2894208600075E92 /* Resources */,
			);
			buildRules = (
			);
			dependencies = (
				BDB45DFE2894208600075E92 /* PBXTargetDependency */,
			);
			name = toDoListTests;
			productName = toDoListTests;
			productReference = BDB45DFC2894208600075E92 /* toDoListTests.xctest */;
			productType = "com.apple.product-type.bundle.unit-test";
		};
		BDB45E052894208600075E92 /* toDoListUITests */ = {
			isa = PBXNativeTarget;
			buildConfigurationList = BDB45E162894208600075E92 /* Build configuration list for PBXNativeTarget "toDoListUITests" */;
			buildPhases = (
				BDB45E022894208600075E92 /* Sources */,
				BDB45E032894208600075E92 /* Frameworks */,
				BDB45E042894208600075E92 /* Resources */,
			);
			buildRules = (
			);
			dependencies = (
				BDB45E082894208600075E92 /* PBXTargetDependency */,
			);
			name = toDoListUITests;
			productName = toDoListUITests;
			productReference = BDB45E062894208600075E92 /* toDoListUITests.xctest */;
			productType = "com.apple.product-type.bundle.ui-testing";
		};
/* End PBXNativeTarget section */

/* Begin PBXProject section */
		BDB45DDB2894208500075E92 /* Project object */ = {
			isa = PBXProject;
			attributes = {
				BuildIndependentTargetsInParallel = 1;
				LastSwiftUpdateCheck = 1340;
				LastUpgradeCheck = 1340;
				TargetAttributes = {
					BDB45DE22894208500075E92 = {
						CreatedOnToolsVersion = 13.4.1;
					};
					BDB45DFB2894208600075E92 = {
						CreatedOnToolsVersion = 13.4.1;
						TestTargetID = BDB45DE22894208500075E92;
					};
					BDB45E052894208600075E92 = {
						CreatedOnToolsVersion = 13.4.1;
						TestTargetID = BDB45DE22894208500075E92;
					};
				};
			};
			buildConfigurationList = BDB45DDE2894208500075E92 /* Build configuration list for PBXProject "toDoList" */;
			compatibilityVersion = "Xcode 13.0";
			developmentRegion = en;
			hasScannedForEncodings = 0;
			knownRegions = (
				en,
				Base,
			);
			mainGroup = BDB45DDA2894208500075E92;
			productRefGroup = BDB45DE42894208500075E92 /* Products */;
			projectDirPath = "";
			projectRoot = "";
			targets = (
				BDB45DE22894208500075E92 /* toDoList */,
				BDB45DFB2894208600075E92 /* toDoListTests */,
				BDB45E052894208600075E92 /* toDoListUITests */,
			);
		};
/* End PBXProject section */

/* Begin PBXResourcesBuildPhase section */
		BDB45DE12894208500075E92 /* Resources */ = {
			isa = PBXResourcesBuildPhase;
			buildActionMask = 2147483647;
			files = (
				BDB45DF62894208600075E92 /* LaunchScreen.storyboard in Resources */,
				BDB45DF32894208600075E92 /* Assets.xcassets in Resources */,
				BDB45DEE2894208500075E92 /* Main.storyboard in Resources */,
			);
			runOnlyForDeploymentPostprocessing = 0;
		};
		BDB45DFA2894208600075E92 /* Resources */ = {
			isa = PBXResourcesBuildPhase;
			buildActionMask = 2147483647;
			files = (
			);
			runOnlyForDeploymentPostprocessing = 0;
		};
		BDB45E042894208600075E92 /* Resources */ = {
			isa = PBXResourcesBuildPhase;
			buildActionMask = 2147483647;
			files = (
			);
			runOnlyForDeploymentPostprocessing = 0;
		};
/* End PBXResourcesBuildPhase section */

/* Begin PBXSourcesBuildPhase section */
		BDB45DDF2894208500075E92 /* Sources */ = {
			isa = PBXSourcesBuildPhase;
			buildActionMask = 2147483647;
			files = (
				BDB45DEB2894208500075E92 /* ViewController.swift in Sources */,
				BDB45DE72894208500075E92 /* AppDelegate.swift in Sources */,
				BDB45E2028943B4B00075E92 /* CompleteToDoViewController.swift in Sources */,
				BDB45E1C2894254300075E92 /* ToDoItem.swift in Sources */,
				BDB45DE92894208500075E92 /* SceneDelegate.swift in Sources */,
				BDB45E1E28942C5C00075E92 /* AddToDoViewController.swift in Sources */,
				BDB45E1A2894236900075E92 /* TableViewController.swift in Sources */,
				BDB45DF12894208500075E92 /* toDoList.xcdatamodeld in Sources */,
			);
			runOnlyForDeploymentPostprocessing = 0;
		};
		BDB45DF82894208600075E92 /* Sources */ = {
			isa = PBXSourcesBuildPhase;
			buildActionMask = 2147483647;
			files = (
				BDB45E012894208600075E92 /* toDoListTests.swift in Sources */,
			);
			runOnlyForDeploymentPostprocessing = 0;
		};
		BDB45E022894208600075E92 /* Sources */ = {
			isa = PBXSourcesBuildPhase;
			buildActionMask = 2147483647;
			files = (
				BDB45E0D2894208600075E92 /* toDoListUITestsLaunchTests.swift in Sources */,
				BDB45E0B2894208600075E92 /* toDoListUITests.swift in Sources */,
			);
			runOnlyForDeploymentPostprocessing = 0;
		};
/* End PBXSourcesBuildPhase section */

/* Begin PBXTargetDependency section */
		BDB45DFE2894208600075E92 /* PBXTargetDependency */ = {
			isa = PBXTargetDependency;
			target = BDB45DE22894208500075E92 /* toDoList */;
			targetProxy = BDB45DFD2894208600075E92 /* PBXContainerItemProxy */;
		};
		BDB45E082894208600075E92 /* PBXTargetDependency */ = {
			isa = PBXTargetDependency;
			target = BDB45DE22894208500075E92 /* toDoList */;
			targetProxy = BDB45E072894208600075E92 /* PBXContainerItemProxy */;
		};
/* End PBXTargetDependency section */

/* Begin PBXVariantGroup section */
		BDB45DEC2894208500075E92 /* Main.storyboard */ = {
			isa = PBXVariantGroup;
			children = (
				BDB45DED2894208500075E92 /* Base */,
			);
			name = Main.storyboard;
			sourceTree = "<group>";
		};
		BDB45DF42894208600075E92 /* LaunchScreen.storyboard */ = {
			isa = PBXVariantGroup;
			children = (
				BDB45DF52894208600075E92 /* Base */,
			);
			name = LaunchScreen.storyboard;
			sourceTree = "<group>";
		};
/* End PBXVariantGroup section */

/* Begin XCBuildConfiguration section */
		BDB45E0E2894208600075E92 /* Debug */ = {
			isa = XCBuildConfiguration;
			buildSettings = {
				ALWAYS_SEARCH_USER_PATHS = NO;
				CLANG_ANALYZER_NONNULL = YES;
				CLANG_ANALYZER_NUMBER_OBJECT_CONVERSION = YES_AGGRESSIVE;
				CLANG_CXX_LANGUAGE_STANDARD = "gnu++17";
				CLANG_ENABLE_MODULES = YES;
				CLANG_ENABLE_OBJC_ARC = YES;
				CLANG_ENABLE_OBJC_WEAK = YES;
				CLANG_WARN_BLOCK_CAPTURE_AUTORELEASING = YES;
				CLANG_WARN_BOOL_CONVERSION = YES;
				CLANG_WARN_COMMA = YES;
				CLANG_WARN_CONSTANT_CONVERSION = YES;
				CLANG_WARN_DEPRECATED_OBJC_IMPLEMENTATIONS = YES;
				CLANG_WARN_DIRECT_OBJC_ISA_USAGE = YES_ERROR;
				CLANG_WARN_DOCUMENTATION_COMMENTS = YES;
				CLANG_WARN_EMPTY_BODY = YES;
				CLANG_WARN_ENUM_CONVERSION = YES;
				CLANG_WARN_INFINITE_RECURSION = YES;
				CLANG_WARN_INT_CONVERSION = YES;
				CLANG_WARN_NON_LITERAL_NULL_CONVERSION = YES;
				CLANG_WARN_OBJC_IMPLICIT_RETAIN_SELF = YES;
				CLANG_WARN_OBJC_LITERAL_CONVERSION = YES;
				CLANG_WARN_OBJC_ROOT_CLASS = YES_ERROR;
				CLANG_WARN_QUOTED_INCLUDE_IN_FRAMEWORK_HEADER = YES;
				CLANG_WARN_RANGE_LOOP_ANALYSIS = YES;
				CLANG_WARN_STRICT_PROTOTYPES = YES;
				CLANG_WARN_SUSPICIOUS_MOVE = YES;
				CLANG_WARN_UNGUARDED_AVAILABILITY = YES_AGGRESSIVE;
				CLANG_WARN_UNREACHABLE_CODE = YES;
				CLANG_WARN__DUPLICATE_METHOD_MATCH = YES;
				COPY_PHASE_STRIP = NO;
				DEBUG_INFORMATION_FORMAT = dwarf;
				ENABLE_STRICT_OBJC_MSGSEND = YES;
				ENABLE_TESTABILITY = YES;
				GCC_C_LANGUAGE_STANDARD = gnu11;
				GCC_DYNAMIC_NO_PIC = NO;
				GCC_NO_COMMON_BLOCKS = YES;
				GCC_OPTIMIZATION_LEVEL = 0;
				GCC_PREPROCESSOR_DEFINITIONS = (
					"DEBUG=1",
					"$(inherited)",
				);
				GCC_WARN_64_TO_32_BIT_CONVERSION = YES;
				GCC_WARN_ABOUT_RETURN_TYPE = YES_ERROR;
				GCC_WARN_UNDECLARED_SELECTOR = YES;
				GCC_WARN_UNINITIALIZED_AUTOS = YES_AGGRESSIVE;
				GCC_WARN_UNUSED_FUNCTION = YES;
				GCC_WARN_UNUSED_VARIABLE = YES;
				IPHONEOS_DEPLOYMENT_TARGET = 15.5;
				MTL_ENABLE_DEBUG_INFO = INCLUDE_SOURCE;
				MTL_FAST_MATH = YES;
				ONLY_ACTIVE_ARCH = YES;
				SDKROOT = iphoneos;
				SWIFT_ACTIVE_COMPILATION_CONDITIONS = DEBUG;
				SWIFT_OPTIMIZATION_LEVEL = "-Onone";
			};
			name = Debug;
		};
		BDB45E0F2894208600075E92 /* Release */ = {
			isa = XCBuildConfiguration;
			buildSettings = {
				ALWAYS_SEARCH_USER_PATHS = NO;
				CLANG_ANALYZER_NONNULL = YES;
				CLANG_ANALYZER_NUMBER_OBJECT_CONVERSION = YES_AGGRESSIVE;
				CLANG_CXX_LANGUAGE_STANDARD = "gnu++17";
				CLANG_ENABLE_MODULES = YES;
				CLANG_ENABLE_OBJC_ARC = YES;
				CLANG_ENABLE_OBJC_WEAK = YES;
				CLANG_WARN_BLOCK_CAPTURE_AUTORELEASING = YES;
				CLANG_WARN_BOOL_CONVERSION = YES;
				CLANG_WARN_COMMA = YES;
				CLANG_WARN_CONSTANT_CONVERSION = YES;
				CLANG_WARN_DEPRECATED_OBJC_IMPLEMENTATIONS = YES;
				CLANG_WARN_DIRECT_OBJC_ISA_USAGE = YES_ERROR;
				CLANG_WARN_DOCUMENTATION_COMMENTS = YES;
				CLANG_WARN_EMPTY_BODY = YES;
				CLANG_WARN_ENUM_CONVERSION = YES;
				CLANG_WARN_INFINITE_RECURSION = YES;
				CLANG_WARN_INT_CONVERSION = YES;
				CLANG_WARN_NON_LITERAL_NULL_CONVERSION = YES;
				CLANG_WARN_OBJC_IMPLICIT_RETAIN_SELF = YES;
				CLANG_WARN_OBJC_LITERAL_CONVERSION = YES;
				CLANG_WARN_OBJC_ROOT_CLASS = YES_ERROR;
				CLANG_WARN_QUOTED_INCLUDE_IN_FRAMEWORK_HEADER = YES;
				CLANG_WARN_RANGE_LOOP_ANALYSIS = YES;
				CLANG_WARN_STRICT_PROTOTYPES = YES;
				CLANG_WARN_SUSPICIOUS_MOVE = YES;
				CLANG_WARN_UNGUARDED_AVAILABILITY = YES_AGGRESSIVE;
				CLANG_WARN_UNREACHABLE_CODE = YES;
				CLANG_WARN__DUPLICATE_METHOD_MATCH = YES;
				COPY_PHASE_STRIP = NO;
				DEBUG_INFORMATION_FORMAT = "dwarf-with-dsym";
				ENABLE_NS_ASSERTIONS = NO;
				ENABLE_STRICT_OBJC_MSGSEND = YES;
				GCC_C_LANGUAGE_STANDARD = gnu11;
				GCC_NO_COMMON_BLOCKS = YES;
				GCC_WARN_64_TO_32_BIT_CONVERSION = YES;
				GCC_WARN_ABOUT_RETURN_TYPE = YES_ERROR;
				GCC_WARN_UNDECLARED_SELECTOR = YES;
				GCC_WARN_UNINITIALIZED_AUTOS = YES_AGGRESSIVE;
				GCC_WARN_UNUSED_FUNCTION = YES;
				GCC_WARN_UNUSED_VARIABLE = YES;
				IPHONEOS_DEPLOYMENT_TARGET = 15.5;
				MTL_ENABLE_DEBUG_INFO = NO;
				MTL_FAST_MATH = YES;
				SDKROOT = iphoneos;
				SWIFT_COMPILATION_MODE = wholemodule;
				SWIFT_OPTIMIZATION_LEVEL = "-O";
				VALIDATE_PRODUCT = YES;
			};
			name = Release;
		};
		BDB45E112894208600075E92 /* Debug */ = {
			isa = XCBuildConfiguration;
			buildSettings = {
				ASSETCATALOG_COMPILER_APPICON_NAME = AppIcon;
				ASSETCATALOG_COMPILER_GLOBAL_ACCENT_COLOR_NAME = AccentColor;
				CODE_SIGN_STYLE = Automatic;
				CURRENT_PROJECT_VERSION = 1;
				GENERATE_INFOPLIST_FILE = YES;
				INFOPLIST_FILE = toDoList/Info.plist;
				INFOPLIST_KEY_UIApplicationSupportsIndirectInputEvents = YES;
				INFOPLIST_KEY_UILaunchStoryboardName = LaunchScreen;
				INFOPLIST_KEY_UIMainStoryboardFile = Main;
				INFOPLIST_KEY_UISupportedInterfaceOrientations_iPad = "UIInterfaceOrientationPortrait UIInterfaceOrientationPortraitUpsideDown UIInterfaceOrientationLandscapeLeft UIInterfaceOrientationLandscapeRight";
				INFOPLIST_KEY_UISupportedInterfaceOrientations_iPhone = "UIInterfaceOrientationPortrait UIInterfaceOrientationLandscapeLeft UIInterfaceOrientationLandscapeRight";
				LD_RUNPATH_SEARCH_PATHS = (
					"$(inherited)",
					"@executable_path/Frameworks",
				);
				MARKETING_VERSION = 1.0;
				PRODUCT_BUNDLE_IDENTIFIER = kwk.toDoList;
				PRODUCT_NAME = "$(TARGET_NAME)";
				SWIFT_EMIT_LOC_STRINGS = YES;
				SWIFT_VERSION = 5.0;
				TARGETED_DEVICE_FAMILY = "1,2";
			};
			name = Debug;
		};
		BDB45E122894208600075E92 /* Release */ = {
			isa = XCBuildConfiguration;
			buildSettings = {
				ASSETCATALOG_COMPILER_APPICON_NAME = AppIcon;
				ASSETCATALOG_COMPILER_GLOBAL_ACCENT_COLOR_NAME = AccentColor;
				CODE_SIGN_STYLE = Automatic;
				CURRENT_PROJECT_VERSION = 1;
				GENERATE_INFOPLIST_FILE = YES;
				INFOPLIST_FILE = toDoList/Info.plist;
				INFOPLIST_KEY_UIApplicationSupportsIndirectInputEvents = YES;
				INFOPLIST_KEY_UILaunchStoryboardName = LaunchScreen;
				INFOPLIST_KEY_UIMainStoryboardFile = Main;
				INFOPLIST_KEY_UISupportedInterfaceOrientations_iPad = "UIInterfaceOrientationPortrait UIInterfaceOrientationPortraitUpsideDown UIInterfaceOrientationLandscapeLeft UIInterfaceOrientationLandscapeRight";
				INFOPLIST_KEY_UISupportedInterfaceOrientations_iPhone = "UIInterfaceOrientationPortrait UIInterfaceOrientationLandscapeLeft UIInterfaceOrientationLandscapeRight";
				LD_RUNPATH_SEARCH_PATHS = (
					"$(inherited)",
					"@executable_path/Frameworks",
				);
				MARKETING_VERSION = 1.0;
				PRODUCT_BUNDLE_IDENTIFIER = kwk.toDoList;
				PRODUCT_NAME = "$(TARGET_NAME)";
				SWIFT_EMIT_LOC_STRINGS = YES;
				SWIFT_VERSION = 5.0;
				TARGETED_DEVICE_FAMILY = "1,2";
			};
			name = Release;
		};
		BDB45E142894208600075E92 /* Debug */ = {
			isa = XCBuildConfiguration;
			buildSettings = {
				ALWAYS_EMBED_SWIFT_STANDARD_LIBRARIES = YES;
				BUNDLE_LOADER = "$(TEST_HOST)";
				CODE_SIGN_STYLE = Automatic;
				CURRENT_PROJECT_VERSION = 1;
				GENERATE_INFOPLIST_FILE = YES;
				IPHONEOS_DEPLOYMENT_TARGET = 15.5;
				MARKETING_VERSION = 1.0;
				PRODUCT_BUNDLE_IDENTIFIER = kwk.toDoListTests;
				PRODUCT_NAME = "$(TARGET_NAME)";
				SWIFT_EMIT_LOC_STRINGS = NO;
				SWIFT_VERSION = 5.0;
				TARGETED_DEVICE_FAMILY = "1,2";
				TEST_HOST = "$(BUILT_PRODUCTS_DIR)/toDoList.app/toDoList";
			};
			name = Debug;
		};
		BDB45E152894208600075E92 /* Release */ = {
			isa = XCBuildConfiguration;
			buildSettings = {
				ALWAYS_EMBED_SWIFT_STANDARD_LIBRARIES = YES;
				BUNDLE_LOADER = "$(TEST_HOST)";
				CODE_SIGN_STYLE = Automatic;
				CURRENT_PROJECT_VERSION = 1;
				GENERATE_INFOPLIST_FILE = YES;
				IPHONEOS_DEPLOYMENT_TARGET = 15.5;
				MARKETING_VERSION = 1.0;
				PRODUCT_BUNDLE_IDENTIFIER = kwk.toDoListTests;
				PRODUCT_NAME = "$(TARGET_NAME)";
				SWIFT_EMIT_LOC_STRINGS = NO;
				SWIFT_VERSION = 5.0;
				TARGETED_DEVICE_FAMILY = "1,2";
				TEST_HOST = "$(BUILT_PRODUCTS_DIR)/toDoList.app/toDoList";
			};
			name = Release;
		};
		BDB45E172894208600075E92 /* Debug */ = {
			isa = XCBuildConfiguration;
			buildSettings = {
				ALWAYS_EMBED_SWIFT_STANDARD_LIBRARIES = YES;
				CODE_SIGN_STYLE = Automatic;
				CURRENT_PROJECT_VERSION = 1;
				GENERATE_INFOPLIST_FILE = YES;
				MARKETING_VERSION = 1.0;
				PRODUCT_BUNDLE_IDENTIFIER = kwk.toDoListUITests;
				PRODUCT_NAME = "$(TARGET_NAME)";
				SWIFT_EMIT_LOC_STRINGS = NO;
				SWIFT_VERSION = 5.0;
				TARGETED_DEVICE_FAMILY = "1,2";
				TEST_TARGET_NAME = toDoList;
			};
			name = Debug;
		};
		BDB45E182894208600075E92 /* Release */ = {
			isa = XCBuildConfiguration;
			buildSettings = {
				ALWAYS_EMBED_SWIFT_STANDARD_LIBRARIES = YES;
				CODE_SIGN_STYLE = Automatic;
				CURRENT_PROJECT_VERSION = 1;
				GENERATE_INFOPLIST_FILE = YES;
				MARKETING_VERSION = 1.0;
				PRODUCT_BUNDLE_IDENTIFIER = kwk.toDoListUITests;
				PRODUCT_NAME = "$(TARGET_NAME)";
				SWIFT_EMIT_LOC_STRINGS = NO;
				SWIFT_VERSION = 5.0;
				TARGETED_DEVICE_FAMILY = "1,2";
				TEST_TARGET_NAME = toDoList;
			};
			name = Release;
		};
/* End XCBuildConfiguration section */

/* Begin XCConfigurationList section */
		BDB45DDE2894208500075E92 /* Build configuration list for PBXProject "toDoList" */ = {
			isa = XCConfigurationList;
			buildConfigurations = (
				BDB45E0E2894208600075E92 /* Debug */,
				BDB45E0F2894208600075E92 /* Release */,
			);
			defaultConfigurationIsVisible = 0;
			defaultConfigurationName = Release;
		};
		BDB45E102894208600075E92 /* Build configuration list for PBXNativeTarget "toDoList" */ = {
			isa = XCConfigurationList;
			buildConfigurations = (
				BDB45E112894208600075E92 /* Debug */,
				BDB45E122894208600075E92 /* Release */,
			);
			defaultConfigurationIsVisible = 0;
			defaultConfigurationName = Release;
		};
		BDB45E132894208600075E92 /* Build configuration list for PBXNativeTarget "toDoListTests" */ = {
			isa = XCConfigurationList;
			buildConfigurations = (
				BDB45E142894208600075E92 /* Debug */,
				BDB45E152894208600075E92 /* Release */,
			);
			defaultConfigurationIsVisible = 0;
			defaultConfigurationName = Release;
		};
		BDB45E162894208600075E92 /* Build configuration list for PBXNativeTarget "toDoListUITests" */ = {
			isa = XCConfigurationList;
			buildConfigurations = (
				BDB45E172894208600075E92 /* Debug */,
				BDB45E182894208600075E92 /* Release */,
			);
			defaultConfigurationIsVisible = 0;
			defaultConfigurationName = Release;
		};
/* End XCConfigurationList section */

/* Begin XCVersionGroup section */
		BDB45DEF2894208500075E92 /* toDoList.xcdatamodeld */ = {
			isa = XCVersionGroup;
			children = (
				BDB45DF02894208500075E92 /* toDoList.xcdatamodel */,
			);
			currentVersion = BDB45DF02894208500075E92 /* toDoList.xcdatamodel */;
			path = toDoList.xcdatamodeld;
			sourceTree = "<group>";
			versionGroupType = wrapper.xcdatamodel;
		};
/* End XCVersionGroup section */
	};
	rootObject = BDB45DDB2894208500075E92 /* Project object */;
}
